
Microsoft Visual Studio Solution File, Format Version 12.00
# Visual Studio Version 17
VisualStudioVersion = 17.6.33815.320
MinimumVisualStudioVersion = 10.0.40219.1
Project("{FAE04EC0-301F-11D3-BF4B-00C04F79EFBC}") = "BookStore", "BookStore\BookStore.csproj", "{E23FDE8B-6A05-48D6-88EB-B51915A77BD6}"
EndProject
Global
	GlobalSection(SolutionConfigurationPlatforms) = preSolution
		Debug|Any CPU = Debug|Any CPU
		Release|Any CPU = Release|Any CPU
	EndGlobalSection
	GlobalSection(ProjectConfigurationPlatforms) = postSolution
		{E23FDE8B-6A05-48D6-88EB-B51915A77BD6}.Debug|Any CPU.ActiveCfg = Debug|Any CPU
		{E23FDE8B-6A05-48D6-88EB-B51915A77BD6}.Debug|Any CPU.Build.0 = Debug|Any CPU
		{E23FDE8B-6A05-48D6-88EB-B51915A77BD6}.Release|Any CPU.ActiveCfg = Release|Any CPU
		{E23FDE8B-6A05-48D6-88EB-B51915A77BD6}.Release|Any CPU.Build.0 = Release|Any CPU
	EndGlobalSection
	GlobalSection(SolutionProperties) = preSolution
		HideSolutionNode = FALSE
	EndGlobalSection
	GlobalSection(ExtensibilityGlobals) = postSolution
		SolutionGuid = {F9E48B78-35EC-4244-B07B-AEC93F7F795B}
	EndGlobalSection
EndGlobal
